// !$*UTF8*$!
{
	archiveVersion = 1;
	classes = {
	};
	objectVersion = 77;
	objects = {

/* Begin PBXBuildFile section */
		0C5C3AFDFB5304C9D9979CBC /* ClaudeHeadlessRunnerTests.swift in Sources */ = {isa = PBXBuildFile; fileRef = 8FBE489899C9E98297FCAF6F /* ClaudeHeadlessRunnerTests.swift */; };
		33144E350059B3E5334C8E29 /* RetrospectiveAggregator.swift in Sources */ = {isa = PBXBuildFile; fileRef = 0A8857B39997F082124EDCA0 /* RetrospectiveAggregator.swift */; };
		33CCA2E30A0D83ABA8471E95 /* FSEventWatcher.swift in Sources */ = {isa = PBXBuildFile; fileRef = 064D459D72D381E7B595EB7F /* FSEventWatcher.swift */; };
		350CFF2DDF35A33EE9BACDB1 /* RetrospectiveReportStore.swift in Sources */ = {isa = PBXBuildFile; fileRef = CC030377CF76169788DC1BEE /* RetrospectiveReportStore.swift */; };
		35C2C2C2C97F97332DC9911E /* UsageLimits.swift in Sources */ = {isa = PBXBuildFile; fileRef = FCFFE24F64246E1FC672EBD3 /* UsageLimits.swift */; };
		3CA6C1568C9356545E9DB686 /* SettingsView.swift in Sources */ = {isa = PBXBuildFile; fileRef = AC1A59A342834B6B14EFCCA0 /* SettingsView.swift */; };
		3F85887EF6A1ADC61E36A892 /* SessionReader.swift in Sources */ = {isa = PBXBuildFile; fileRef = 586053C67C6E14B7D97EF938 /* SessionReader.swift */; };
		42D740C0B371BBBEBB9DC0D2 /* AnthropicUsageReader.swift in Sources */ = {isa = PBXBuildFile; fileRef = 87CD60EF87CF0D1AAD95CCF6 /* AnthropicUsageReader.swift */; };
		44AAC9574100C1C7C1CBA59A /* RetrospectiveViewModel.swift in Sources */ = {isa = PBXBuildFile; fileRef = A96F93421D78BD6F2F62EF7C /* RetrospectiveViewModel.swift */; };
		471A70E61BD360EA52BE5BC4 /* SQLiteStore.swift in Sources */ = {isa = PBXBuildFile; fileRef = C63F6ECC4BF4BF357CBF7000 /* SQLiteStore.swift */; };
		4A3A485F7C030F41E50B437E /* SessionFeatureStore.swift in Sources */ = {isa = PBXBuildFile; fileRef = 26D1B78F337F58BAE3199BAF /* SessionFeatureStore.swift */; };
		4B5B9002E14D19F2EA776645 /* ClaudeMonitorTests.swift in Sources */ = {isa = PBXBuildFile; fileRef = 09E8D5988D604E2F516BFDDC /* ClaudeMonitorTests.swift */; };
		4DFDE11293FBE677ACD2C926 /* BotSessionClassifierTests.swift in Sources */ = {isa = PBXBuildFile; fileRef = DB8BCCE92306B6FA03F6E4AB /* BotSessionClassifierTests.swift */; };
		638D4DA0DB04EF50100273BE /* ClaudeCodeHUDConnector.swift in Sources */ = {isa = PBXBuildFile; fileRef = AB8FB400CDE3295D0382D0CF /* ClaudeCodeHUDConnector.swift */; };
		63978344E36EBB5FFC03C146 /* RetrospectivePromptBuilderTests.swift in Sources */ = {isa = PBXBuildFile; fileRef = B7585350EA6844232DA1BEA3 /* RetrospectivePromptBuilderTests.swift */; };
		8F35C441DCCA14BD08758C9C /* RetrospectiveEngine.swift in Sources */ = {isa = PBXBuildFile; fileRef = 63D8F731B6DF73A544816B1B /* RetrospectiveEngine.swift */; };
		92C8780A17067BCFE01176A1 /* AppState.swift in Sources */ = {isa = PBXBuildFile; fileRef = A46DDDAE35FBBC7D8F01BA11 /* AppState.swift */; };
		967F865814427F5FCE0C40D4 /* RetrospectiveEngineTests.swift in Sources */ = {isa = PBXBuildFile; fileRef = E8142C6242F5DD8F11B24413 /* RetrospectiveEngineTests.swift */; };
		99A742107EC9BCFEE6DE3938 /* JSONLParser.swift in Sources */ = {isa = PBXBuildFile; fileRef = 13DDDF5B01814C7620139479 /* JSONLParser.swift */; };
		A319210622A1BAD45DB17BAD /* RetrospectiveReportStoreTests.swift in Sources */ = {isa = PBXBuildFile; fileRef = F2A8F771FF134F28C220C81E /* RetrospectiveReportStoreTests.swift */; };
		A3670779B5D381B44B9E16BF /* MenuBarView.swift in Sources */ = {isa = PBXBuildFile; fileRef = FB78E9A3A21D02510026017C /* MenuBarView.swift */; };
		A4279A2AEA51CB504671DF7F /* ClaudeMonitorApp.swift in Sources */ = {isa = PBXBuildFile; fileRef = 20AD9838A3FA57813FE57DE7 /* ClaudeMonitorApp.swift */; };
		A6EED3504E8E754916AFC729 /* RetrospectiveView.swift in Sources */ = {isa = PBXBuildFile; fileRef = 92AFE23B266B24CC2575EBE4 /* RetrospectiveView.swift */; };
		B032D0CE35CD41E134501DB1 /* PricingTableTests.swift in Sources */ = {isa = PBXBuildFile; fileRef = 4469D891E613EDB1F561ADD4 /* PricingTableTests.swift */; };
		B3360F2AA375D4BCDAD082D9 /* DashboardView.swift in Sources */ = {isa = PBXBuildFile; fileRef = E2E8C5D572320C1859698AE1 /* DashboardView.swift */; };
		BAD2E0F543A769F0F59DE8E6 /* SQLiteStoreTests.swift in Sources */ = {isa = PBXBuildFile; fileRef = 93B2B74891DC2F648F916252 /* SQLiteStoreTests.swift */; };
		C0B70CF38A6A0AA853808F58 /* ProfileStore.swift in Sources */ = {isa = PBXBuildFile; fileRef = 89C0E4BF6F1F6264DC49831F /* ProfileStore.swift */; };
		C924BFB61106D1F4BA805E05 /* SessionFeatureStoreTests.swift in Sources */ = {isa = PBXBuildFile; fileRef = 2D35FF9BC7516C3572294BFC /* SessionFeatureStoreTests.swift */; };
		CF12AEC429CD86501C4FC299 /* RetrospectiveReport.swift in Sources */ = {isa = PBXBuildFile; fileRef = A4A17B20EE921EFBB588FBB1 /* RetrospectiveReport.swift */; };
		CFEBB7FCDA3E4B2B5A6E83EC /* ClaudeSessionFeatureParser.swift in Sources */ = {isa = PBXBuildFile; fileRef = 3A91F0901084F93E511243C6 /* ClaudeSessionFeatureParser.swift */; };
		D333B4A8D72248410E29EF38 /* BotSessionClassifier.swift in Sources */ = {isa = PBXBuildFile; fileRef = CA841D32A589448C06EA74DD /* BotSessionClassifier.swift */; };
		D743E3A9C1423A9EC1802B88 /* PricingTable.swift in Sources */ = {isa = PBXBuildFile; fileRef = F4F0139049AB7029E72F1BEB /* PricingTable.swift */; };
		D7FCD950BF90744E8DF2CB3E /* GRDB in Frameworks */ = {isa = PBXBuildFile; productRef = 4FCF28A9277A18AC8034DE93 /* GRDB */; };
		E3267FFAFDCD3C4CA3FFD561 /* ClaudeHeadlessRunner.swift in Sources */ = {isa = PBXBuildFile; fileRef = 3142E5418461FBBEBE15F46B /* ClaudeHeadlessRunner.swift */; };
		EE444503D734F96F52156E01 /* ClaudeSessionFeatureParserTests.swift in Sources */ = {isa = PBXBuildFile; fileRef = 4CCDCFC0B66516097C5FDAF8 /* ClaudeSessionFeatureParserTests.swift */; };
		F050D6199EA08714A355A510 /* JSONLParserTests.swift in Sources */ = {isa = PBXBuildFile; fileRef = 31C17EE3254080CBA8B0DD22 /* JSONLParserTests.swift */; };
		F30ACF9B546AED5A12FCBC12 /* SessionFeatures.swift in Sources */ = {isa = PBXBuildFile; fileRef = A12671792E480FCCA7307993 /* SessionFeatures.swift */; };
		F5D62BD9EF78AAE398B3455A /* RetrospectiveAggregatorTests.swift in Sources */ = {isa = PBXBuildFile; fileRef = 084CD0C199D5FAEF700CEE1B /* RetrospectiveAggregatorTests.swift */; };
		FA9CA14A57DDF17457003D17 /* GRDB in Frameworks */ = {isa = PBXBuildFile; productRef = 7A47BBCBBEE31491AB524BAC /* GRDB */; };
		FB5BA0915A76F6E2C556FAE8 /* CodexSessionReader.swift in Sources */ = {isa = PBXBuildFile; fileRef = 7BA6A025BAED91CB7D580F5A /* CodexSessionReader.swift */; };
		FEEF00A601831B9BE64C9ADE /* RetrospectivePromptBuilder.swift in Sources */ = {isa = PBXBuildFile; fileRef = 2FFD67AC2873B411076E081F /* RetrospectivePromptBuilder.swift */; };
/* End PBXBuildFile section */

/* Begin PBXContainerItemProxy section */
		37FEB94D221A67D3207F44A6 /* PBXContainerItemProxy */ = {
			isa = PBXContainerItemProxy;
			containerPortal = 0A1C0F0A567689AF0C10104F /* Project object */;
			proxyType = 1;
			remoteGlobalIDString = 1BA94E0C01D277A3D97D540D;
			remoteInfo = ClaudeMonitor;
		};
/* End PBXContainerItemProxy section */

/* Begin PBXFileReference section */
		01E69CD8161F734BE0624EC4 /* Info.plist */ = {isa = PBXFileReference; lastKnownFileType = text.plist; path = Info.plist; sourceTree = "<group>"; };
		064D459D72D381E7B595EB7F /* FSEventWatcher.swift */ = {isa = PBXFileReference; lastKnownFileType = sourcecode.swift; path = FSEventWatcher.swift; sourceTree = "<group>"; };
		084CD0C199D5FAEF700CEE1B /* RetrospectiveAggregatorTests.swift */ = {isa = PBXFileReference; lastKnownFileType = sourcecode.swift; path = RetrospectiveAggregatorTests.swift; sourceTree = "<group>"; };
		09E8D5988D604E2F516BFDDC /* ClaudeMonitorTests.swift */ = {isa = PBXFileReference; lastKnownFileType = sourcecode.swift; path = ClaudeMonitorTests.swift; sourceTree = "<group>"; };
		0A8857B39997F082124EDCA0 /* RetrospectiveAggregator.swift */ = {isa = PBXFileReference; lastKnownFileType = sourcecode.swift; path = RetrospectiveAggregator.swift; sourceTree = "<group>"; };
		13DDDF5B01814C7620139479 /* JSONLParser.swift */ = {isa = PBXFileReference; lastKnownFileType = sourcecode.swift; path = JSONLParser.swift; sourceTree = "<group>"; };
		20AD9838A3FA57813FE57DE7 /* ClaudeMonitorApp.swift */ = {isa = PBXFileReference; lastKnownFileType = sourcecode.swift; path = ClaudeMonitorApp.swift; sourceTree = "<group>"; };
		26D1B78F337F58BAE3199BAF /* SessionFeatureStore.swift */ = {isa = PBXFileReference; lastKnownFileType = sourcecode.swift; path = SessionFeatureStore.swift; sourceTree = "<group>"; };
		2D35FF9BC7516C3572294BFC /* SessionFeatureStoreTests.swift */ = {isa = PBXFileReference; lastKnownFileType = sourcecode.swift; path = SessionFeatureStoreTests.swift; sourceTree = "<group>"; };
		2FFD67AC2873B411076E081F /* RetrospectivePromptBuilder.swift */ = {isa = PBXFileReference; lastKnownFileType = sourcecode.swift; path = RetrospectivePromptBuilder.swift; sourceTree = "<group>"; };
		3142E5418461FBBEBE15F46B /* ClaudeHeadlessRunner.swift */ = {isa = PBXFileReference; lastKnownFileType = sourcecode.swift; path = ClaudeHeadlessRunner.swift; sourceTree = "<group>"; };
		31C17EE3254080CBA8B0DD22 /* JSONLParserTests.swift */ = {isa = PBXFileReference; lastKnownFileType = sourcecode.swift; path = JSONLParserTests.swift; sourceTree = "<group>"; };
		3A91F0901084F93E511243C6 /* ClaudeSessionFeatureParser.swift */ = {isa = PBXFileReference; lastKnownFileType = sourcecode.swift; path = ClaudeSessionFeatureParser.swift; sourceTree = "<group>"; };
		4469D891E613EDB1F561ADD4 /* PricingTableTests.swift */ = {isa = PBXFileReference; lastKnownFileType = sourcecode.swift; path = PricingTableTests.swift; sourceTree = "<group>"; };
		4CCDCFC0B66516097C5FDAF8 /* ClaudeSessionFeatureParserTests.swift */ = {isa = PBXFileReference; lastKnownFileType = sourcecode.swift; path = ClaudeSessionFeatureParserTests.swift; sourceTree = "<group>"; };
		586053C67C6E14B7D97EF938 /* SessionReader.swift */ = {isa = PBXFileReference; lastKnownFileType = sourcecode.swift; path = SessionReader.swift; sourceTree = "<group>"; };
		63D8F731B6DF73A544816B1B /* RetrospectiveEngine.swift */ = {isa = PBXFileReference; lastKnownFileType = sourcecode.swift; path = RetrospectiveEngine.swift; sourceTree = "<group>"; };
		7BA6A025BAED91CB7D580F5A /* CodexSessionReader.swift */ = {isa = PBXFileReference; lastKnownFileType = sourcecode.swift; path = CodexSessionReader.swift; sourceTree = "<group>"; };
		87CD60EF87CF0D1AAD95CCF6 /* AnthropicUsageReader.swift */ = {isa = PBXFileReference; lastKnownFileType = sourcecode.swift; path = AnthropicUsageReader.swift; sourceTree = "<group>"; };
		89C0E4BF6F1F6264DC49831F /* ProfileStore.swift */ = {isa = PBXFileReference; lastKnownFileType = sourcecode.swift; path = ProfileStore.swift; sourceTree = "<group>"; };
		8FBE489899C9E98297FCAF6F /* ClaudeHeadlessRunnerTests.swift */ = {isa = PBXFileReference; lastKnownFileType = sourcecode.swift; path = ClaudeHeadlessRunnerTests.swift; sourceTree = "<group>"; };
		92AFE23B266B24CC2575EBE4 /* RetrospectiveView.swift */ = {isa = PBXFileReference; lastKnownFileType = sourcecode.swift; path = RetrospectiveView.swift; sourceTree = "<group>"; };
		93B2B74891DC2F648F916252 /* SQLiteStoreTests.swift */ = {isa = PBXFileReference; lastKnownFileType = sourcecode.swift; path = SQLiteStoreTests.swift; sourceTree = "<group>"; };
		9924D1F6FBFD4F220629C2E2 /* ClaudeMonitor.app */ = {isa = PBXFileReference; explicitFileType = wrapper.application; includeInIndex = 0; path = ClaudeMonitor.app; sourceTree = BUILT_PRODUCTS_DIR; };
		A12671792E480FCCA7307993 /* SessionFeatures.swift */ = {isa = PBXFileReference; lastKnownFileType = sourcecode.swift; path = SessionFeatures.swift; sourceTree = "<group>"; };
		A46DDDAE35FBBC7D8F01BA11 /* AppState.swift */ = {isa = PBXFileReference; lastKnownFileType = sourcecode.swift; path = AppState.swift; sourceTree = "<group>"; };
		A4A17B20EE921EFBB588FBB1 /* RetrospectiveReport.swift */ = {isa = PBXFileReference; lastKnownFileType = sourcecode.swift; path = RetrospectiveReport.swift; sourceTree = "<group>"; };
		A694C018F13572E6F47C48F2 /* ClaudeMonitorTests.xctest */ = {isa = PBXFileReference; explicitFileType = wrapper.cfbundle; includeInIndex = 0; path = ClaudeMonitorTests.xctest; sourceTree = BUILT_PRODUCTS_DIR; };
		A96F93421D78BD6F2F62EF7C /* RetrospectiveViewModel.swift */ = {isa = PBXFileReference; lastKnownFileType = sourcecode.swift; path = RetrospectiveViewModel.swift; sourceTree = "<group>"; };
		AB8FB400CDE3295D0382D0CF /* ClaudeCodeHUDConnector.swift */ = {isa = PBXFileReference; lastKnownFileType = sourcecode.swift; path = ClaudeCodeHUDConnector.swift; sourceTree = "<group>"; };
		AC1A59A342834B6B14EFCCA0 /* SettingsView.swift */ = {isa = PBXFileReference; lastKnownFileType = sourcecode.swift; path = SettingsView.swift; sourceTree = "<group>"; };
		B7585350EA6844232DA1BEA3 /* RetrospectivePromptBuilderTests.swift */ = {isa = PBXFileReference; lastKnownFileType = sourcecode.swift; path = RetrospectivePromptBuilderTests.swift; sourceTree = "<group>"; };
		C63F6ECC4BF4BF357CBF7000 /* SQLiteStore.swift */ = {isa = PBXFileReference; lastKnownFileType = sourcecode.swift; path = SQLiteStore.swift; sourceTree = "<group>"; };
		CA841D32A589448C06EA74DD /* BotSessionClassifier.swift */ = {isa = PBXFileReference; lastKnownFileType = sourcecode.swift; path = BotSessionClassifier.swift; sourceTree = "<group>"; };
		CC030377CF76169788DC1BEE /* RetrospectiveReportStore.swift */ = {isa = PBXFileReference; lastKnownFileType = sourcecode.swift; path = RetrospectiveReportStore.swift; sourceTree = "<group>"; };
		DB8BCCE92306B6FA03F6E4AB /* BotSessionClassifierTests.swift */ = {isa = PBXFileReference; lastKnownFileType = sourcecode.swift; path = BotSessionClassifierTests.swift; sourceTree = "<group>"; };
		E2E8C5D572320C1859698AE1 /* DashboardView.swift */ = {isa = PBXFileReference; lastKnownFileType = sourcecode.swift; path = DashboardView.swift; sourceTree = "<group>"; };
		E8142C6242F5DD8F11B24413 /* RetrospectiveEngineTests.swift */ = {isa = PBXFileReference; lastKnownFileType = sourcecode.swift; path = RetrospectiveEngineTests.swift; sourceTree = "<group>"; };
		F2A8F771FF134F28C220C81E /* RetrospectiveReportStoreTests.swift */ = {isa = PBXFileReference; lastKnownFileType = sourcecode.swift; path = RetrospectiveReportStoreTests.swift; sourceTree = "<group>"; };
		F4F0139049AB7029E72F1BEB /* PricingTable.swift */ = {isa = PBXFileReference; lastKnownFileType = sourcecode.swift; path = PricingTable.swift; sourceTree = "<group>"; };
		F9FAF0667A4500690AC14250 /* ClaudeMonitor.entitlements */ = {isa = PBXFileReference; lastKnownFileType = text.plist.entitlements; path = ClaudeMonitor.entitlements; sourceTree = "<group>"; };
		FB78E9A3A21D02510026017C /* MenuBarView.swift */ = {isa = PBXFileReference; lastKnownFileType = sourcecode.swift; path = MenuBarView.swift; sourceTree = "<group>"; };
		FCFFE24F64246E1FC672EBD3 /* UsageLimits.swift */ = {isa = PBXFileReference; lastKnownFileType = sourcecode.swift; path = UsageLimits.swift; sourceTree = "<group>"; };
/* End PBXFileReference section */

/* Begin PBXFrameworksBuildPhase section */
		4CAC20F961A216BB3DB743E0 /* Frameworks */ = {
			isa = PBXFrameworksBuildPhase;
			buildActionMask = 2147483647;
			files = (
				D7FCD950BF90744E8DF2CB3E /* GRDB in Frameworks */,
			);
			runOnlyForDeploymentPostprocessing = 0;
		};
		96A4181E967F950FA1EA9D27 /* Frameworks */ = {
			isa = PBXFrameworksBuildPhase;
			buildActionMask = 2147483647;
			files = (
				FA9CA14A57DDF17457003D17 /* GRDB in Frameworks */,
			);
			runOnlyForDeploymentPostprocessing = 0;
		};
/* End PBXFrameworksBuildPhase section */

/* Begin PBXGroup section */
		07E8AC954CB3FA5879910A53 = {
			isa = PBXGroup;
			children = (
				11452B26FD3B2ECC361A087F /* ClaudeMonitor */,
				311BD7B42B2F2945365797FE /* ClaudeMonitorTests */,
				652D67D252F283B04AFEF569 /* Products */,
			);
			sourceTree = "<group>";
		};
		11452B26FD3B2ECC361A087F /* ClaudeMonitor */ = {
			isa = PBXGroup;
			children = (
				F9FAF0667A4500690AC14250 /* ClaudeMonitor.entitlements */,
				01E69CD8161F734BE0624EC4 /* Info.plist */,
				3228BA8B8EB13F4396A80FD3 /* App */,
				BB30C17D71D441BDD9E19CA8 /* Data */,
				54CB1AA4D53D7F09A1517749 /* MenuBar */,
			);
			path = ClaudeMonitor;
			sourceTree = "<group>";
		};
		311BD7B42B2F2945365797FE /* ClaudeMonitorTests */ = {
			isa = PBXGroup;
			children = (
				DB8BCCE92306B6FA03F6E4AB /* BotSessionClassifierTests.swift */,
				8FBE489899C9E98297FCAF6F /* ClaudeHeadlessRunnerTests.swift */,
				09E8D5988D604E2F516BFDDC /* ClaudeMonitorTests.swift */,
				4CCDCFC0B66516097C5FDAF8 /* ClaudeSessionFeatureParserTests.swift */,
				31C17EE3254080CBA8B0DD22 /* JSONLParserTests.swift */,
				4469D891E613EDB1F561ADD4 /* PricingTableTests.swift */,
				084CD0C199D5FAEF700CEE1B /* RetrospectiveAggregatorTests.swift */,
				E8142C6242F5DD8F11B24413 /* RetrospectiveEngineTests.swift */,
				B7585350EA6844232DA1BEA3 /* RetrospectivePromptBuilderTests.swift */,
				F2A8F771FF134F28C220C81E /* RetrospectiveReportStoreTests.swift */,
				2D35FF9BC7516C3572294BFC /* SessionFeatureStoreTests.swift */,
				93B2B74891DC2F648F916252 /* SQLiteStoreTests.swift */,
			);
			path = ClaudeMonitorTests;
			sourceTree = "<group>";
		};
		3228BA8B8EB13F4396A80FD3 /* App */ = {
			isa = PBXGroup;
			children = (
				A46DDDAE35FBBC7D8F01BA11 /* AppState.swift */,
				20AD9838A3FA57813FE57DE7 /* ClaudeMonitorApp.swift */,
			);
			path = App;
			sourceTree = "<group>";
		};
		54CB1AA4D53D7F09A1517749 /* MenuBar */ = {
			isa = PBXGroup;
			children = (
				E2E8C5D572320C1859698AE1 /* DashboardView.swift */,
				FB78E9A3A21D02510026017C /* MenuBarView.swift */,
				92AFE23B266B24CC2575EBE4 /* RetrospectiveView.swift */,
				A96F93421D78BD6F2F62EF7C /* RetrospectiveViewModel.swift */,
				AC1A59A342834B6B14EFCCA0 /* SettingsView.swift */,
			);
			path = MenuBar;
			sourceTree = "<group>";
		};
		652D67D252F283B04AFEF569 /* Products */ = {
			isa = PBXGroup;
			children = (
				9924D1F6FBFD4F220629C2E2 /* ClaudeMonitor.app */,
				A694C018F13572E6F47C48F2 /* ClaudeMonitorTests.xctest */,
			);
			name = Products;
			sourceTree = "<group>";
		};
		BB30C17D71D441BDD9E19CA8 /* Data */ = {
			isa = PBXGroup;
			children = (
				87CD60EF87CF0D1AAD95CCF6 /* AnthropicUsageReader.swift */,
				CA841D32A589448C06EA74DD /* BotSessionClassifier.swift */,
				AB8FB400CDE3295D0382D0CF /* ClaudeCodeHUDConnector.swift */,
				3142E5418461FBBEBE15F46B /* ClaudeHeadlessRunner.swift */,
				3A91F0901084F93E511243C6 /* ClaudeSessionFeatureParser.swift */,
				7BA6A025BAED91CB7D580F5A /* CodexSessionReader.swift */,
				064D459D72D381E7B595EB7F /* FSEventWatcher.swift */,
				13DDDF5B01814C7620139479 /* JSONLParser.swift */,
				F4F0139049AB7029E72F1BEB /* PricingTable.swift */,
				89C0E4BF6F1F6264DC49831F /* ProfileStore.swift */,
				0A8857B39997F082124EDCA0 /* RetrospectiveAggregator.swift */,
				63D8F731B6DF73A544816B1B /* RetrospectiveEngine.swift */,
				2FFD67AC2873B411076E081F /* RetrospectivePromptBuilder.swift */,
				A4A17B20EE921EFBB588FBB1 /* RetrospectiveReport.swift */,
				CC030377CF76169788DC1BEE /* RetrospectiveReportStore.swift */,
				A12671792E480FCCA7307993 /* SessionFeatures.swift */,
				26D1B78F337F58BAE3199BAF /* SessionFeatureStore.swift */,
				586053C67C6E14B7D97EF938 /* SessionReader.swift */,
				C63F6ECC4BF4BF357CBF7000 /* SQLiteStore.swift */,
				FCFFE24F64246E1FC672EBD3 /* UsageLimits.swift */,
			);
			path = Data;
			sourceTree = "<group>";
		};
/* End PBXGroup section */

/* Begin PBXNativeTarget section */
		091C5C1335A1B8233823998D /* ClaudeMonitorTests */ = {
			isa = PBXNativeTarget;
			buildConfigurationList = 108EF4B9D3B854FDD91D2C27 /* Build configuration list for PBXNativeTarget "ClaudeMonitorTests" */;
			buildPhases = (
				B77504D3B0D5AA8B2E0265C0 /* Sources */,
				96A4181E967F950FA1EA9D27 /* Frameworks */,
			);
			buildRules = (
			);
			dependencies = (
				7CBE7F53FD9FC7C6BA5D7010 /* PBXTargetDependency */,
			);
			name = ClaudeMonitorTests;
			packageProductDependencies = (
				7A47BBCBBEE31491AB524BAC /* GRDB */,
			);
			productName = ClaudeMonitorTests;
			productReference = A694C018F13572E6F47C48F2 /* ClaudeMonitorTests.xctest */;
			productType = "com.apple.product-type.bundle.unit-test";
		};
		1BA94E0C01D277A3D97D540D /* ClaudeMonitor */ = {
			isa = PBXNativeTarget;
			buildConfigurationList = 458C8ECDDDF94448F9073656 /* Build configuration list for PBXNativeTarget "ClaudeMonitor" */;
			buildPhases = (
				E78E550434E6FDA8035F8938 /* Sources */,
				4CAC20F961A216BB3DB743E0 /* Frameworks */,
			);
			buildRules = (
			);
			dependencies = (
			);
			name = ClaudeMonitor;
			packageProductDependencies = (
				4FCF28A9277A18AC8034DE93 /* GRDB */,
			);
			productName = ClaudeMonitor;
			productReference = 9924D1F6FBFD4F220629C2E2 /* ClaudeMonitor.app */;
			productType = "com.apple.product-type.application";
		};
/* End PBXNativeTarget section */

/* Begin PBXProject section */
		0A1C0F0A567689AF0C10104F /* Project object */ = {
			isa = PBXProject;
			attributes = {
				BuildIndependentTargetsInParallel = YES;
				LastUpgradeCheck = 1500;
				TargetAttributes = {
				};
			};
			buildConfigurationList = B0EBEFBDBC2E41CED86FDF2F /* Build configuration list for PBXProject "ClaudeMonitor" */;
			developmentRegion = en;
			hasScannedForEncodings = 0;
			knownRegions = (
				Base,
				en,
			);
			mainGroup = 07E8AC954CB3FA5879910A53;
			minimizedProjectReferenceProxies = 1;
			packageReferences = (
				7F0E2937EF352B5CF397731B /* XCRemoteSwiftPackageReference "GRDB.swift" */,
			);
			preferredProjectObjectVersion = 77;
			productRefGroup = 652D67D252F283B04AFEF569 /* Products */;
			projectDirPath = "";
			projectRoot = "";
			targets = (
				1BA94E0C01D277A3D97D540D /* ClaudeMonitor */,
				091C5C1335A1B8233823998D /* ClaudeMonitorTests */,
			);
		};
/* End PBXProject section */

/* Begin PBXSourcesBuildPhase section */
		B77504D3B0D5AA8B2E0265C0 /* Sources */ = {
			isa = PBXSourcesBuildPhase;
			buildActionMask = 2147483647;
			files = (
				4DFDE11293FBE677ACD2C926 /* BotSessionClassifierTests.swift in Sources */,
				0C5C3AFDFB5304C9D9979CBC /* ClaudeHeadlessRunnerTests.swift in Sources */,
				4B5B9002E14D19F2EA776645 /* ClaudeMonitorTests.swift in Sources */,
				EE444503D734F96F52156E01 /* ClaudeSessionFeatureParserTests.swift in Sources */,
				F050D6199EA08714A355A510 /* JSONLParserTests.swift in Sources */,
				B032D0CE35CD41E134501DB1 /* PricingTableTests.swift in Sources */,
				F5D62BD9EF78AAE398B3455A /* RetrospectiveAggregatorTests.swift in Sources */,
				967F865814427F5FCE0C40D4 /* RetrospectiveEngineTests.swift in Sources */,
				63978344E36EBB5FFC03C146 /* RetrospectivePromptBuilderTests.swift in Sources */,
				A319210622A1BAD45DB17BAD /* RetrospectiveReportStoreTests.swift in Sources */,
				BAD2E0F543A769F0F59DE8E6 /* SQLiteStoreTests.swift in Sources */,
				C924BFB61106D1F4BA805E05 /* SessionFeatureStoreTests.swift in Sources */,
			);
			runOnlyForDeploymentPostprocessing = 0;
		};
		E78E550434E6FDA8035F8938 /* Sources */ = {
			isa = PBXSourcesBuildPhase;
			buildActionMask = 2147483647;
			files = (
				42D740C0B371BBBEBB9DC0D2 /* AnthropicUsageReader.swift in Sources */,
				92C8780A17067BCFE01176A1 /* AppState.swift in Sources */,
				D333B4A8D72248410E29EF38 /* BotSessionClassifier.swift in Sources */,
				638D4DA0DB04EF50100273BE /* ClaudeCodeHUDConnector.swift in Sources */,
				E3267FFAFDCD3C4CA3FFD561 /* ClaudeHeadlessRunner.swift in Sources */,
				A4279A2AEA51CB504671DF7F /* ClaudeMonitorApp.swift in Sources */,
				CFEBB7FCDA3E4B2B5A6E83EC /* ClaudeSessionFeatureParser.swift in Sources */,
				FB5BA0915A76F6E2C556FAE8 /* CodexSessionReader.swift in Sources */,
				B3360F2AA375D4BCDAD082D9 /* DashboardView.swift in Sources */,
				33CCA2E30A0D83ABA8471E95 /* FSEventWatcher.swift in Sources */,
				99A742107EC9BCFEE6DE3938 /* JSONLParser.swift in Sources */,
				A3670779B5D381B44B9E16BF /* MenuBarView.swift in Sources */,
				D743E3A9C1423A9EC1802B88 /* PricingTable.swift in Sources */,
				C0B70CF38A6A0AA853808F58 /* ProfileStore.swift in Sources */,
				33144E350059B3E5334C8E29 /* RetrospectiveAggregator.swift in Sources */,
				8F35C441DCCA14BD08758C9C /* RetrospectiveEngine.swift in Sources */,
				FEEF00A601831B9BE64C9ADE /* RetrospectivePromptBuilder.swift in Sources */,
				CF12AEC429CD86501C4FC299 /* RetrospectiveReport.swift in Sources */,
				350CFF2DDF35A33EE9BACDB1 /* RetrospectiveReportStore.swift in Sources */,
				A6EED3504E8E754916AFC729 /* RetrospectiveView.swift in Sources */,
				44AAC9574100C1C7C1CBA59A /* RetrospectiveViewModel.swift in Sources */,
				471A70E61BD360EA52BE5BC4 /* SQLiteStore.swift in Sources */,
				4A3A485F7C030F41E50B437E /* SessionFeatureStore.swift in Sources */,
				F30ACF9B546AED5A12FCBC12 /* SessionFeatures.swift in Sources */,
				3F85887EF6A1ADC61E36A892 /* SessionReader.swift in Sources */,
				3CA6C1568C9356545E9DB686 /* SettingsView.swift in Sources */,
				35C2C2C2C97F97332DC9911E /* UsageLimits.swift in Sources */,
			);
			runOnlyForDeploymentPostprocessing = 0;
		};
/* End PBXSourcesBuildPhase section */

/* Begin PBXTargetDependency section */
		7CBE7F53FD9FC7C6BA5D7010 /* PBXTargetDependency */ = {
			isa = PBXTargetDependency;
			target = 1BA94E0C01D277A3D97D540D /* ClaudeMonitor */;
			targetProxy = 37FEB94D221A67D3207F44A6 /* PBXContainerItemProxy */;
		};
/* End PBXTargetDependency section */

/* Begin XCBuildConfiguration section */
		1754AEF9894C828BA0F12A05 /* Debug */ = {
			isa = XCBuildConfiguration;
			buildSettings = {
				BUNDLE_LOADER = "$(TEST_HOST)";
				COMBINE_HIDPI_IMAGES = YES;
				GENERATE_INFOPLIST_FILE = YES;
				LD_RUNPATH_SEARCH_PATHS = (
					"$(inherited)",
					"@executable_path/../Frameworks",
					"@loader_path/../Frameworks",
				);
				MACOSX_DEPLOYMENT_TARGET = 13.0;
				PRODUCT_BUNDLE_IDENTIFIER = com.wonjaeho.ClaudeMonitorTests;
				SDKROOT = macosx;
				SWIFT_VERSION = 5.9;
				TEST_HOST = "$(BUILT_PRODUCTS_DIR)/ClaudeMonitor.app/Contents/MacOS/ClaudeMonitor";
			};
			name = Debug;
		};
		3EF77ACB0B5E5F63E0DAFA8B /* Release */ = {
			isa = XCBuildConfiguration;
			buildSettings = {
				ALWAYS_SEARCH_USER_PATHS = NO;
				CLANG_ANALYZER_NONNULL = YES;
				CLANG_ANALYZER_NUMBER_OBJECT_CONVERSION = YES_AGGRESSIVE;
				CLANG_CXX_LANGUAGE_STANDARD = "gnu++14";
				CLANG_CXX_LIBRARY = "libc++";
				CLANG_ENABLE_MODULES = YES;
				CLANG_ENABLE_OBJC_ARC = YES;
				CLANG_ENABLE_OBJC_WEAK = YES;
				CLANG_WARN_BLOCK_CAPTURE_AUTORELEASING = YES;
				CLANG_WARN_BOOL_CONVERSION = YES;
				CLANG_WARN_COMMA = YES;
				CLANG_WARN_CONSTANT_CONVERSION = YES;
				CLANG_WARN_DEPRECATED_OBJC_IMPLEMENTATIONS = YES;
				CLANG_WARN_DIRECT_OBJC_ISA_USAGE = YES_ERROR;
				CLANG_WARN_DOCUMENTATION_COMMENTS = YES;
				CLANG_WARN_EMPTY_BODY = YES;
				CLANG_WARN_ENUM_CONVERSION = YES;
				CLANG_WARN_INFINITE_RECURSION = YES;
				CLANG_WARN_INT_CONVERSION = YES;
				CLANG_WARN_NON_LITERAL_NULL_CONVERSION = YES;
				CLANG_WARN_OBJC_IMPLICIT_RETAIN_SELF = YES;
				CLANG_WARN_OBJC_LITERAL_CONVERSION = YES;
				CLANG_WARN_OBJC_ROOT_CLASS = YES_ERROR;
				CLANG_WARN_QUOTED_INCLUDE_IN_FRAMEWORK_HEADER = YES;
				CLANG_WARN_RANGE_LOOP_ANALYSIS = YES;
				CLANG_WARN_STRICT_PROTOTYPES = YES;
				CLANG_WARN_SUSPICIOUS_MOVE = YES;
				CLANG_WARN_UNGUARDED_AVAILABILITY = YES_AGGRESSIVE;
				CLANG_WARN_UNREACHABLE_CODE = YES;
				CLANG_WARN__DUPLICATE_METHOD_MATCH = YES;
				COPY_PHASE_STRIP = NO;
				DEBUG_INFORMATION_FORMAT = "dwarf-with-dsym";
				ENABLE_NS_ASSERTIONS = NO;
				ENABLE_STRICT_OBJC_MSGSEND = YES;
				GCC_C_LANGUAGE_STANDARD = gnu11;
				GCC_NO_COMMON_BLOCKS = YES;
				GCC_WARN_64_TO_32_BIT_CONVERSION = YES;
				GCC_WARN_ABOUT_RETURN_TYPE = YES_ERROR;
				GCC_WARN_UNDECLARED_SELECTOR = YES;
				GCC_WARN_UNINITIALIZED_AUTOS = YES_AGGRESSIVE;
				GCC_WARN_UNUSED_FUNCTION = YES;
				GCC_WARN_UNUSED_VARIABLE = YES;
				MACOSX_DEPLOYMENT_TARGET = 13.0;
				MTL_ENABLE_DEBUG_INFO = NO;
				MTL_FAST_MATH = YES;
				PRODUCT_NAME = "$(TARGET_NAME)";
				SDKROOT = macosx;
				SWIFT_COMPILATION_MODE = wholemodule;
				SWIFT_OPTIMIZATION_LEVEL = "-O";
				SWIFT_VERSION = 5.0;
			};
			name = Release;
		};
		9D873ACD7BE6BE94F1B708E9 /* Release */ = {
			isa = XCBuildConfiguration;
			buildSettings = {
				BUNDLE_LOADER = "$(TEST_HOST)";
				COMBINE_HIDPI_IMAGES = YES;
				GENERATE_INFOPLIST_FILE = YES;
				LD_RUNPATH_SEARCH_PATHS = (
					"$(inherited)",
					"@executable_path/../Frameworks",
					"@loader_path/../Frameworks",
				);
				MACOSX_DEPLOYMENT_TARGET = 13.0;
				PRODUCT_BUNDLE_IDENTIFIER = com.wonjaeho.ClaudeMonitorTests;
				SDKROOT = macosx;
				SWIFT_VERSION = 5.9;
				TEST_HOST = "$(BUILT_PRODUCTS_DIR)/ClaudeMonitor.app/Contents/MacOS/ClaudeMonitor";
			};
			name = Release;
		};
		A6D424770AF4D1C3075DBB29 /* Debug */ = {
			isa = XCBuildConfiguration;
			buildSettings = {
				ASSETCATALOG_COMPILER_APPICON_NAME = AppIcon;
				CODE_SIGNING_REQUIRED = NO;
				CODE_SIGN_ENTITLEMENTS = ClaudeMonitor/ClaudeMonitor.entitlements;
				CODE_SIGN_IDENTITY = "";
				COMBINE_HIDPI_IMAGES = YES;
				INFOPLIST_FILE = ClaudeMonitor/Info.plist;
				LD_RUNPATH_SEARCH_PATHS = (
					"$(inherited)",
					"@executable_path/../Frameworks",
				);
				MACOSX_DEPLOYMENT_TARGET = 13.0;
				PRODUCT_BUNDLE_IDENTIFIER = com.wonjaeho.ClaudeMonitor;
				SDKROOT = macosx;
				SWIFT_VERSION = 5.9;
			};
			name = Debug;
		};
		D5613C6B2EC06E17DD97CA5D /* Debug */ = {
			isa = XCBuildConfiguration;
			buildSettings = {
				ALWAYS_SEARCH_USER_PATHS = NO;
				CLANG_ANALYZER_NONNULL = YES;
				CLANG_ANALYZER_NUMBER_OBJECT_CONVERSION = YES_AGGRESSIVE;
				CLANG_CXX_LANGUAGE_STANDARD = "gnu++14";
				CLANG_CXX_LIBRARY = "libc++";
				CLANG_ENABLE_MODULES = YES;
				CLANG_ENABLE_OBJC_ARC = YES;
				CLANG_ENABLE_OBJC_WEAK = YES;
				CLANG_WARN_BLOCK_CAPTURE_AUTORELEASING = YES;
				CLANG_WARN_BOOL_CONVERSION = YES;
				CLANG_WARN_COMMA = YES;
				CLANG_WARN_CONSTANT_CONVERSION = YES;
				CLANG_WARN_DEPRECATED_OBJC_IMPLEMENTATIONS = YES;
				CLANG_WARN_DIRECT_OBJC_ISA_USAGE = YES_ERROR;
				CLANG_WARN_DOCUMENTATION_COMMENTS = YES;
				CLANG_WARN_EMPTY_BODY = YES;
				CLANG_WARN_ENUM_CONVERSION = YES;
				CLANG_WARN_INFINITE_RECURSION = YES;
				CLANG_WARN_INT_CONVERSION = YES;
				CLANG_WARN_NON_LITERAL_NULL_CONVERSION = YES;
				CLANG_WARN_OBJC_IMPLICIT_RETAIN_SELF = YES;
				CLANG_WARN_OBJC_LITERAL_CONVERSION = YES;
				CLANG_WARN_OBJC_ROOT_CLASS = YES_ERROR;
				CLANG_WARN_QUOTED_INCLUDE_IN_FRAMEWORK_HEADER = YES;
				CLANG_WARN_RANGE_LOOP_ANALYSIS = YES;
				CLANG_WARN_STRICT_PROTOTYPES = YES;
				CLANG_WARN_SUSPICIOUS_MOVE = YES;
				CLANG_WARN_UNGUARDED_AVAILABILITY = YES_AGGRESSIVE;
				CLANG_WARN_UNREACHABLE_CODE = YES;
				CLANG_WARN__DUPLICATE_METHOD_MATCH = YES;
				COPY_PHASE_STRIP = NO;
				DEBUG_INFORMATION_FORMAT = dwarf;
				ENABLE_STRICT_OBJC_MSGSEND = YES;
				ENABLE_TESTABILITY = YES;
				GCC_C_LANGUAGE_STANDARD = gnu11;
				GCC_DYNAMIC_NO_PIC = NO;
				GCC_NO_COMMON_BLOCKS = YES;
				GCC_OPTIMIZATION_LEVEL = 0;
				GCC_PREPROCESSOR_DEFINITIONS = (
					"$(inherited)",
					"DEBUG=1",
				);
				GCC_WARN_64_TO_32_BIT_CONVERSION = YES;
				GCC_WARN_ABOUT_RETURN_TYPE = YES_ERROR;
				GCC_WARN_UNDECLARED_SELECTOR = YES;
				GCC_WARN_UNINITIALIZED_AUTOS = YES_AGGRESSIVE;
				GCC_WARN_UNUSED_FUNCTION = YES;
				GCC_WARN_UNUSED_VARIABLE = YES;
				MACOSX_DEPLOYMENT_TARGET = 13.0;
				MTL_ENABLE_DEBUG_INFO = INCLUDE_SOURCE;
				MTL_FAST_MATH = YES;
				ONLY_ACTIVE_ARCH = YES;
				PRODUCT_NAME = "$(TARGET_NAME)";
				SDKROOT = macosx;
				SWIFT_ACTIVE_COMPILATION_CONDITIONS = DEBUG;
				SWIFT_OPTIMIZATION_LEVEL = "-Onone";
				SWIFT_VERSION = 5.0;
			};
			name = Debug;
		};
		EC9361A84503F5A6B508FC8B /* Release */ = {
			isa = XCBuildConfiguration;
			buildSettings = {
				ASSETCATALOG_COMPILER_APPICON_NAME = AppIcon;
				CODE_SIGNING_REQUIRED = NO;
				CODE_SIGN_ENTITLEMENTS = ClaudeMonitor/ClaudeMonitor.entitlements;
				CODE_SIGN_IDENTITY = "";
				COMBINE_HIDPI_IMAGES = YES;
				INFOPLIST_FILE = ClaudeMonitor/Info.plist;
				LD_RUNPATH_SEARCH_PATHS = (
					"$(inherited)",
					"@executable_path/../Frameworks",
				);
				MACOSX_DEPLOYMENT_TARGET = 13.0;
				PRODUCT_BUNDLE_IDENTIFIER = com.wonjaeho.ClaudeMonitor;
				SDKROOT = macosx;
				SWIFT_VERSION = 5.9;
			};
			name = Release;
		};
/* End XCBuildConfiguration section */

/* Begin XCConfigurationList section */
		108EF4B9D3B854FDD91D2C27 /* Build configuration list for PBXNativeTarget "ClaudeMonitorTests" */ = {
			isa = XCConfigurationList;
			buildConfigurations = (
				1754AEF9894C828BA0F12A05 /* Debug */,
				9D873ACD7BE6BE94F1B708E9 /* Release */,
			);
			defaultConfigurationIsVisible = 0;
			defaultConfigurationName = Debug;
		};
		458C8ECDDDF94448F9073656 /* Build configuration list for PBXNativeTarget "ClaudeMonitor" */ = {
			isa = XCConfigurationList;
			buildConfigurations = (
				A6D424770AF4D1C3075DBB29 /* Debug */,
				EC9361A84503F5A6B508FC8B /* Release */,
			);
			defaultConfigurationIsVisible = 0;
			defaultConfigurationName = Debug;
		};
		B0EBEFBDBC2E41CED86FDF2F /* Build configuration list for PBXProject "ClaudeMonitor" */ = {
			isa = XCConfigurationList;
			buildConfigurations = (
				D5613C6B2EC06E17DD97CA5D /* Debug */,
				3EF77ACB0B5E5F63E0DAFA8B /* Release */,
			);
			defaultConfigurationIsVisible = 0;
			defaultConfigurationName = Debug;
		};
/* End XCConfigurationList section */

/* Begin XCRemoteSwiftPackageReference section */
		7F0E2937EF352B5CF397731B /* XCRemoteSwiftPackageReference "GRDB.swift" */ = {
			isa = XCRemoteSwiftPackageReference;
			repositoryURL = "https://github.com/groue/GRDB.swift";
			requirement = {
				kind = upToNextMajorVersion;
				minimumVersion = 6.0.0;
			};
		};
/* End XCRemoteSwiftPackageReference section */

/* Begin XCSwiftPackageProductDependency section */
		4FCF28A9277A18AC8034DE93 /* GRDB */ = {
			isa = XCSwiftPackageProductDependency;
			package = 7F0E2937EF352B5CF397731B /* XCRemoteSwiftPackageReference "GRDB.swift" */;
			productName = GRDB;
		};
		7A47BBCBBEE31491AB524BAC /* GRDB */ = {
			isa = XCSwiftPackageProductDependency;
			package = 7F0E2937EF352B5CF397731B /* XCRemoteSwiftPackageReference "GRDB.swift" */;
			productName = GRDB;
		};
/* End XCSwiftPackageProductDependency section */
	};
	rootObject = 0A1C0F0A567689AF0C10104F /* Project object */;
}
